
Microsoft Visual Studio Solution File, Format Version 12.00
# Visual Studio Version 16
VisualStudioVersion = 16.0.32106.194
MinimumVisualStudioVersion = 10.0.40219.1
Project("{FAE04EC0-301F-11D3-BF4B-00C04F79EFBC}") = "DockerDemoApplication", "DockerDemoApplication\DockerDemoApplication.csproj", "{B63C5F50-114F-4DC4-ABB7-0B436DFFBA25}"
EndProject
Global
	GlobalSection(SolutionConfigurationPlatforms) = preSolution
		Debug|Any CPU = Debug|Any CPU
		Release|Any CPU = Release|Any CPU
	EndGlobalSection
	GlobalSection(ProjectConfigurationPlatforms) = postSolution
		{B63C5F50-114F-4DC4-ABB7-0B436DFFBA25}.Debug|Any CPU.ActiveCfg = Debug|Any CPU
		{B63C5F50-114F-4DC4-ABB7-0B436DFFBA25}.Debug|Any CPU.Build.0 = Debug|Any CPU
		{B63C5F50-114F-4DC4-ABB7-0B436DFFBA25}.Release|Any CPU.ActiveCfg = Release|Any CPU
		{B63C5F50-114F-4DC4-ABB7-0B436DFFBA25}.Release|Any CPU.Build.0 = Release|Any CPU
	EndGlobalSection
	GlobalSection(SolutionProperties) = preSolution
		HideSolutionNode = FALSE
	EndGlobalSection
	GlobalSection(ExtensibilityGlobals) = postSolution
		SolutionGuid = {24C23398-865C-4903-9D8B-5480F69B37E8}
	EndGlobalSection
EndGlobal
