
Microsoft Visual Studio Solution File, Format Version 12.00
# Visual Studio Version 16
VisualStudioVersion = 16.0.32106.194
MinimumVisualStudioVersion = 10.0.40219.1
Project("{FAE04EC0-301F-11D3-BF4B-00C04F79EFBC}") = "Microservice.Producer", "Microservice.Producer\Microservice.Producer.csproj", "{BB5B3949-0B29-43D0-9512-E26507DE14B7}"
EndProject
Project("{FAE04EC0-301F-11D3-BF4B-00C04F79EFBC}") = "Microservice.Consumer", "Microservice.Consumer\Microservice.Consumer.csproj", "{03564C2B-BBAA-43B1-8933-A533E131D406}"
EndProject
Global
	GlobalSection(SolutionConfigurationPlatforms) = preSolution
		Debug|Any CPU = Debug|Any CPU
		Release|Any CPU = Release|Any CPU
	EndGlobalSection
	GlobalSection(ProjectConfigurationPlatforms) = postSolution
		{BB5B3949-0B29-43D0-9512-E26507DE14B7}.Debug|Any CPU.ActiveCfg = Debug|Any CPU
		{BB5B3949-0B29-43D0-9512-E26507DE14B7}.Debug|Any CPU.Build.0 = Debug|Any CPU
		{BB5B3949-0B29-43D0-9512-E26507DE14B7}.Release|Any CPU.ActiveCfg = Release|Any CPU
		{BB5B3949-0B29-43D0-9512-E26507DE14B7}.Release|Any CPU.Build.0 = Release|Any CPU
		{03564C2B-BBAA-43B1-8933-A533E131D406}.Debug|Any CPU.ActiveCfg = Debug|Any CPU
		{03564C2B-BBAA-43B1-8933-A533E131D406}.Debug|Any CPU.Build.0 = Debug|Any CPU
		{03564C2B-BBAA-43B1-8933-A533E131D406}.Release|Any CPU.ActiveCfg = Release|Any CPU
		{03564C2B-BBAA-43B1-8933-A533E131D406}.Release|Any CPU.Build.0 = Release|Any CPU
	EndGlobalSection
	GlobalSection(SolutionProperties) = preSolution
		HideSolutionNode = FALSE
	EndGlobalSection
	GlobalSection(ExtensibilityGlobals) = postSolution
		SolutionGuid = {DB159610-4B79-48C3-BA21-509F5671A93D}
	EndGlobalSection
EndGlobal
